
Microsoft Visual Studio Solution File, Format Version 12.00
# Visual Studio Version 17
VisualStudioVersion = 17.10.35004.147
MinimumVisualStudioVersion = 10.0.40219.1
Project("{FAE04EC0-301F-11D3-BF4B-00C04F79EFBC}") = "Coolest Calculator", "Coolest Calculator\Coolest Calculator.csproj", "{2D1D8A98-DC70-4E74-B174-8323CB47820F}"
EndProject
Global
	GlobalSection(SolutionConfigurationPlatforms) = preSolution
		Debug|Any CPU = Debug|Any CPU
		Release|Any CPU = Release|Any CPU
	EndGlobalSection
	GlobalSection(ProjectConfigurationPlatforms) = postSolution
		{2D1D8A98-DC70-4E74-B174-8323CB47820F}.Debug|Any CPU.ActiveCfg = Debug|Any CPU
		{2D1D8A98-DC70-4E74-B174-8323CB47820F}.Debug|Any CPU.Build.0 = Debug|Any CPU
		{2D1D8A98-DC70-4E74-B174-8323CB47820F}.Release|Any CPU.ActiveCfg = Release|Any CPU
		{2D1D8A98-DC70-4E74-B174-8323CB47820F}.Release|Any CPU.Build.0 = Release|Any CPU
	EndGlobalSection
	GlobalSection(SolutionProperties) = preSolution
		HideSolutionNode = FALSE
	EndGlobalSection
	GlobalSection(ExtensibilityGlobals) = postSolution
		SolutionGuid = {F32B6694-268F-425E-A413-A384C6726268}
	EndGlobalSection
EndGlobal
